
Microsoft Visual Studio Solution File, Format Version 12.00
# Visual Studio 15
VisualStudioVersion = 15.0.26124.0
MinimumVisualStudioVersion = 15.0.26124.0
Project("{2150E333-8FDC-42A3-9474-1A3956D46DE8}") = "src", "src", "{1B3219B2-7498-4076-A8CB-3C671A887296}"
EndProject
Project("{FAE04EC0-301F-11D3-BF4B-00C04F79EFBC}") = "NetAuth.Server", "src\NetAuth.Server\NetAuth.Server.csproj", "{FFF5C408-0C20-4CFA-813A-8B523F184163}"
EndProject
Project("{FAE04EC0-301F-11D3-BF4B-00C04F79EFBC}") = "NetAuth.Api", "src\NetAuth.Api\NetAuth.Api.csproj", "{70AE73EC-2EDF-4017-ABA9-73095A5F6A60}"
EndProject
Project("{FAE04EC0-301F-11D3-BF4B-00C04F79EFBC}") = "NetAuth.ClaimsTransformation", "src\NetAuth.ClaimsTransformation\NetAuth.ClaimsTransformation.csproj", "{25BE51B4-74A3-44E5-B746-5F82AA12D8A1}"
EndProject
Project("{FAE04EC0-301F-11D3-BF4B-00C04F79EFBC}") = "NetAuthClient", "src\NetAuth.Client\NetAuthClient.csproj", "{7992DD1F-9DC3-44DE-9268-A039D9C45C54}"
EndProject
Project("{FAE04EC0-301F-11D3-BF4B-00C04F79EFBC}") = "NetAuth.MvcClient", "src\NetAuth.MvcClient\NetAuth.MvcClient.csproj", "{CA78DDC9-6557-4D2F-9318-344D31A59CFE}"
EndProject
Global
	GlobalSection(SolutionConfigurationPlatforms) = preSolution
		Debug|Any CPU = Debug|Any CPU
		Debug|x64 = Debug|x64
		Debug|x86 = Debug|x86
		Release|Any CPU = Release|Any CPU
		Release|x64 = Release|x64
		Release|x86 = Release|x86
	EndGlobalSection
	GlobalSection(SolutionProperties) = preSolution
		HideSolutionNode = FALSE
	EndGlobalSection
	GlobalSection(ProjectConfigurationPlatforms) = postSolution
		{FFF5C408-0C20-4CFA-813A-8B523F184163}.Debug|Any CPU.ActiveCfg = Debug|Any CPU
		{FFF5C408-0C20-4CFA-813A-8B523F184163}.Debug|Any CPU.Build.0 = Debug|Any CPU
		{FFF5C408-0C20-4CFA-813A-8B523F184163}.Debug|x64.ActiveCfg = Debug|x64
		{FFF5C408-0C20-4CFA-813A-8B523F184163}.Debug|x64.Build.0 = Debug|x64
		{FFF5C408-0C20-4CFA-813A-8B523F184163}.Debug|x86.ActiveCfg = Debug|x86
		{FFF5C408-0C20-4CFA-813A-8B523F184163}.Debug|x86.Build.0 = Debug|x86
		{FFF5C408-0C20-4CFA-813A-8B523F184163}.Release|Any CPU.ActiveCfg = Release|Any CPU
		{FFF5C408-0C20-4CFA-813A-8B523F184163}.Release|Any CPU.Build.0 = Release|Any CPU
		{FFF5C408-0C20-4CFA-813A-8B523F184163}.Release|x64.ActiveCfg = Release|x64
		{FFF5C408-0C20-4CFA-813A-8B523F184163}.Release|x64.Build.0 = Release|x64
		{FFF5C408-0C20-4CFA-813A-8B523F184163}.Release|x86.ActiveCfg = Release|x86
		{FFF5C408-0C20-4CFA-813A-8B523F184163}.Release|x86.Build.0 = Release|x86
		{70AE73EC-2EDF-4017-ABA9-73095A5F6A60}.Debug|Any CPU.ActiveCfg = Debug|Any CPU
		{70AE73EC-2EDF-4017-ABA9-73095A5F6A60}.Debug|Any CPU.Build.0 = Debug|Any CPU
		{70AE73EC-2EDF-4017-ABA9-73095A5F6A60}.Debug|x64.ActiveCfg = Debug|x64
		{70AE73EC-2EDF-4017-ABA9-73095A5F6A60}.Debug|x64.Build.0 = Debug|x64
		{70AE73EC-2EDF-4017-ABA9-73095A5F6A60}.Debug|x86.ActiveCfg = Debug|x86
		{70AE73EC-2EDF-4017-ABA9-73095A5F6A60}.Debug|x86.Build.0 = Debug|x86
		{70AE73EC-2EDF-4017-ABA9-73095A5F6A60}.Release|Any CPU.ActiveCfg = Release|Any CPU
		{70AE73EC-2EDF-4017-ABA9-73095A5F6A60}.Release|Any CPU.Build.0 = Release|Any CPU
		{70AE73EC-2EDF-4017-ABA9-73095A5F6A60}.Release|x64.ActiveCfg = Release|x64
		{70AE73EC-2EDF-4017-ABA9-73095A5F6A60}.Release|x64.Build.0 = Release|x64
		{70AE73EC-2EDF-4017-ABA9-73095A5F6A60}.Release|x86.ActiveCfg = Release|x86
		{70AE73EC-2EDF-4017-ABA9-73095A5F6A60}.Release|x86.Build.0 = Release|x86
		{25BE51B4-74A3-44E5-B746-5F82AA12D8A1}.Debug|Any CPU.ActiveCfg = Debug|Any CPU
		{25BE51B4-74A3-44E5-B746-5F82AA12D8A1}.Debug|Any CPU.Build.0 = Debug|Any CPU
		{25BE51B4-74A3-44E5-B746-5F82AA12D8A1}.Debug|x64.ActiveCfg = Debug|x64
		{25BE51B4-74A3-44E5-B746-5F82AA12D8A1}.Debug|x64.Build.0 = Debug|x64
		{25BE51B4-74A3-44E5-B746-5F82AA12D8A1}.Debug|x86.ActiveCfg = Debug|x86
		{25BE51B4-74A3-44E5-B746-5F82AA12D8A1}.Debug|x86.Build.0 = Debug|x86
		{25BE51B4-74A3-44E5-B746-5F82AA12D8A1}.Release|Any CPU.ActiveCfg = Release|Any CPU
		{25BE51B4-74A3-44E5-B746-5F82AA12D8A1}.Release|Any CPU.Build.0 = Release|Any CPU
		{25BE51B4-74A3-44E5-B746-5F82AA12D8A1}.Release|x64.ActiveCfg = Release|x64
		{25BE51B4-74A3-44E5-B746-5F82AA12D8A1}.Release|x64.Build.0 = Release|x64
		{25BE51B4-74A3-44E5-B746-5F82AA12D8A1}.Release|x86.ActiveCfg = Release|x86
		{25BE51B4-74A3-44E5-B746-5F82AA12D8A1}.Release|x86.Build.0 = Release|x86
		{7992DD1F-9DC3-44DE-9268-A039D9C45C54}.Debug|Any CPU.ActiveCfg = Debug|Any CPU
		{7992DD1F-9DC3-44DE-9268-A039D9C45C54}.Debug|Any CPU.Build.0 = Debug|Any CPU
		{7992DD1F-9DC3-44DE-9268-A039D9C45C54}.Debug|x64.ActiveCfg = Debug|x64
		{7992DD1F-9DC3-44DE-9268-A039D9C45C54}.Debug|x64.Build.0 = Debug|x64
		{7992DD1F-9DC3-44DE-9268-A039D9C45C54}.Debug|x86.ActiveCfg = Debug|x86
		{7992DD1F-9DC3-44DE-9268-A039D9C45C54}.Debug|x86.Build.0 = Debug|x86
		{7992DD1F-9DC3-44DE-9268-A039D9C45C54}.Release|Any CPU.ActiveCfg = Release|Any CPU
		{7992DD1F-9DC3-44DE-9268-A039D9C45C54}.Release|Any CPU.Build.0 = Release|Any CPU
		{7992DD1F-9DC3-44DE-9268-A039D9C45C54}.Release|x64.ActiveCfg = Release|x64
		{7992DD1F-9DC3-44DE-9268-A039D9C45C54}.Release|x64.Build.0 = Release|x64
		{7992DD1F-9DC3-44DE-9268-A039D9C45C54}.Release|x86.ActiveCfg = Release|x86
		{7992DD1F-9DC3-44DE-9268-A039D9C45C54}.Release|x86.Build.0 = Release|x86
		{CA78DDC9-6557-4D2F-9318-344D31A59CFE}.Debug|Any CPU.ActiveCfg = Debug|Any CPU
		{CA78DDC9-6557-4D2F-9318-344D31A59CFE}.Debug|Any CPU.Build.0 = Debug|Any CPU
		{CA78DDC9-6557-4D2F-9318-344D31A59CFE}.Debug|x64.ActiveCfg = Debug|x64
		{CA78DDC9-6557-4D2F-9318-344D31A59CFE}.Debug|x64.Build.0 = Debug|x64
		{CA78DDC9-6557-4D2F-9318-344D31A59CFE}.Debug|x86.ActiveCfg = Debug|x86
		{CA78DDC9-6557-4D2F-9318-344D31A59CFE}.Debug|x86.Build.0 = Debug|x86
		{CA78DDC9-6557-4D2F-9318-344D31A59CFE}.Release|Any CPU.ActiveCfg = Release|Any CPU
		{CA78DDC9-6557-4D2F-9318-344D31A59CFE}.Release|Any CPU.Build.0 = Release|Any CPU
		{CA78DDC9-6557-4D2F-9318-344D31A59CFE}.Release|x64.ActiveCfg = Release|x64
		{CA78DDC9-6557-4D2F-9318-344D31A59CFE}.Release|x64.Build.0 = Release|x64
		{CA78DDC9-6557-4D2F-9318-344D31A59CFE}.Release|x86.ActiveCfg = Release|x86
		{CA78DDC9-6557-4D2F-9318-344D31A59CFE}.Release|x86.Build.0 = Release|x86
	EndGlobalSection
	GlobalSection(NestedProjects) = preSolution
		{FFF5C408-0C20-4CFA-813A-8B523F184163} = {1B3219B2-7498-4076-A8CB-3C671A887296}
		{70AE73EC-2EDF-4017-ABA9-73095A5F6A60} = {1B3219B2-7498-4076-A8CB-3C671A887296}
		{25BE51B4-74A3-44E5-B746-5F82AA12D8A1} = {1B3219B2-7498-4076-A8CB-3C671A887296}
		{7992DD1F-9DC3-44DE-9268-A039D9C45C54} = {1B3219B2-7498-4076-A8CB-3C671A887296}
		{CA78DDC9-6557-4D2F-9318-344D31A59CFE} = {1B3219B2-7498-4076-A8CB-3C671A887296}
	EndGlobalSection
EndGlobal
